
Microsoft Visual Studio Solution File, Format Version 12.00
# Visual Studio Version 17
VisualStudioVersion = 17.4.33122.133
MinimumVisualStudioVersion = 10.0.40219.1
Project("{2150E333-8FDC-42A3-9474-1A3956D46DE8}") = "1 - Domain", "1 - Domain", "{6E1E5AA9-90BB-4BF8-8409-EF05548A6B67}"
EndProject
Project("{2150E333-8FDC-42A3-9474-1A3956D46DE8}") = "2 - Application", "2 - Application", "{27747579-AA9C-4C2A-9631-35D9293D8AF0}"
EndProject
Project("{2150E333-8FDC-42A3-9474-1A3956D46DE8}") = "3 - InfrastructureAdapters", "3 - InfrastructureAdapters", "{F1559848-07E5-4473-93B4-E1071C0189DA}"
EndProject
Project("{2150E333-8FDC-42A3-9474-1A3956D46DE8}") = "4 - Tests", "4 - Tests", "{4ABDD6AA-7067-4285-B355-D4823EEA585F}"
EndProject
Project("{9A19103F-16F7-4668-BE54-9A1E7A4F7556}") = "DTI.Core.Domain", "src\Core\DTI.Core.Domain\DTI.Core.Domain.csproj", "{C1023EFA-5B13-4301-8E98-895C51E2E983}"
EndProject
Project("{2150E333-8FDC-42A3-9474-1A3956D46DE8}") = "Core", "Core", "{88D28EA0-EB38-4979-ADF3-22E4E337C5EC}"
EndProject
Project("{9A19103F-16F7-4668-BE54-9A1E7A4F7556}") = "DTI.Core.Tests", "tests\DTI.Core.Tests\DTI.Core.Tests.csproj", "{16212245-B327-43A0-B6CC-5F1B14ACEFF8}"
EndProject
Project("{9A19103F-16F7-4668-BE54-9A1E7A4F7556}") = "DTI.DTIShop.Domain", "src\App\DTI.DTIShop.Domain\DTI.DTIShop.Domain.csproj", "{7E35C2D3-79A8-4D17-87F0-CF29383092A7}"
EndProject
Project("{2150E333-8FDC-42A3-9474-1A3956D46DE8}") = "DTIShop", "DTIShop", "{A9317275-4551-43B2-8C78-275A11ACB3F5}"
EndProject
Project("{9A19103F-16F7-4668-BE54-9A1E7A4F7556}") = "DTI.DTIShop.Domain.Tests.Unit", "tests\DTI.DTIShop.Domain.Tests.Unit\DTI.DTIShop.Domain.Tests.Unit.csproj", "{946C6F63-5661-4DFE-A0A6-DB8EF0D5923C}"
EndProject
Project("{9A19103F-16F7-4668-BE54-9A1E7A4F7556}") = "DTI.DTIShop.Domain.Tests.Integration", "tests\DTI.DTIShop.Domain.Tests.Integration\DTI.DTIShop.Domain.Tests.Integration.csproj", "{5AA53834-3D71-4099-BEFE-C577AD8F3793}"
EndProject
Project("{9A19103F-16F7-4668-BE54-9A1E7A4F7556}") = "DTI.Core.Application", "src\Core\DTI.Core.Application\DTI.Core.Application.csproj", "{822DFCC3-213B-497F-AF6E-5A0432F192EA}"
EndProject
Project("{2150E333-8FDC-42A3-9474-1A3956D46DE8}") = "Solution Items", "Solution Items", "{6318189F-080C-49FE-A1A4-021E686BD0D7}"
	ProjectSection(SolutionItems) = preProject
		.editorconfig = .editorconfig
	EndProjectSection
EndProject
Project("{9A19103F-16F7-4668-BE54-9A1E7A4F7556}") = "DTI.DTIShop.Application", "src\App\DTI.DTIShop.Application\DTI.DTIShop.Application.csproj", "{4A977EB3-DBC7-4DD4-A68F-364AC0F465E2}"
EndProject
Project("{9A19103F-16F7-4668-BE54-9A1E7A4F7556}") = "DTI.Core.Infrastructure", "src\Core\DTI.Core.Infrastructure\DTI.Core.Infrastructure.csproj", "{61C3FB70-39BC-4747-963F-A844AF69154A}"
EndProject
Project("{9A19103F-16F7-4668-BE54-9A1E7A4F7556}") = "DTI.DTIShop.Infrastructure", "src\App\DTI.DTIShop.Infrastructure\DTI.DTIShop.Infrastructure.csproj", "{54093759-2F35-499D-AA9C-B8DC68E7A5A5}"
EndProject
Global
	GlobalSection(SolutionConfigurationPlatforms) = preSolution
		Debug|Any CPU = Debug|Any CPU
		Release|Any CPU = Release|Any CPU
	EndGlobalSection
	GlobalSection(ProjectConfigurationPlatforms) = postSolution
		{C1023EFA-5B13-4301-8E98-895C51E2E983}.Debug|Any CPU.ActiveCfg = Debug|Any CPU
		{C1023EFA-5B13-4301-8E98-895C51E2E983}.Debug|Any CPU.Build.0 = Debug|Any CPU
		{C1023EFA-5B13-4301-8E98-895C51E2E983}.Release|Any CPU.ActiveCfg = Release|Any CPU
		{C1023EFA-5B13-4301-8E98-895C51E2E983}.Release|Any CPU.Build.0 = Release|Any CPU
		{16212245-B327-43A0-B6CC-5F1B14ACEFF8}.Debug|Any CPU.ActiveCfg = Debug|Any CPU
		{16212245-B327-43A0-B6CC-5F1B14ACEFF8}.Debug|Any CPU.Build.0 = Debug|Any CPU
		{16212245-B327-43A0-B6CC-5F1B14ACEFF8}.Release|Any CPU.ActiveCfg = Release|Any CPU
		{16212245-B327-43A0-B6CC-5F1B14ACEFF8}.Release|Any CPU.Build.0 = Release|Any CPU
		{7E35C2D3-79A8-4D17-87F0-CF29383092A7}.Debug|Any CPU.ActiveCfg = Debug|Any CPU
		{7E35C2D3-79A8-4D17-87F0-CF29383092A7}.Debug|Any CPU.Build.0 = Debug|Any CPU
		{7E35C2D3-79A8-4D17-87F0-CF29383092A7}.Release|Any CPU.ActiveCfg = Release|Any CPU
		{7E35C2D3-79A8-4D17-87F0-CF29383092A7}.Release|Any CPU.Build.0 = Release|Any CPU
		{946C6F63-5661-4DFE-A0A6-DB8EF0D5923C}.Debug|Any CPU.ActiveCfg = Debug|Any CPU
		{946C6F63-5661-4DFE-A0A6-DB8EF0D5923C}.Debug|Any CPU.Build.0 = Debug|Any CPU
		{946C6F63-5661-4DFE-A0A6-DB8EF0D5923C}.Release|Any CPU.ActiveCfg = Release|Any CPU
		{946C6F63-5661-4DFE-A0A6-DB8EF0D5923C}.Release|Any CPU.Build.0 = Release|Any CPU
		{5AA53834-3D71-4099-BEFE-C577AD8F3793}.Debug|Any CPU.ActiveCfg = Debug|Any CPU
		{5AA53834-3D71-4099-BEFE-C577AD8F3793}.Debug|Any CPU.Build.0 = Debug|Any CPU
		{5AA53834-3D71-4099-BEFE-C577AD8F3793}.Release|Any CPU.ActiveCfg = Release|Any CPU
		{5AA53834-3D71-4099-BEFE-C577AD8F3793}.Release|Any CPU.Build.0 = Release|Any CPU
		{822DFCC3-213B-497F-AF6E-5A0432F192EA}.Debug|Any CPU.ActiveCfg = Debug|Any CPU
		{822DFCC3-213B-497F-AF6E-5A0432F192EA}.Debug|Any CPU.Build.0 = Debug|Any CPU
		{822DFCC3-213B-497F-AF6E-5A0432F192EA}.Release|Any CPU.ActiveCfg = Release|Any CPU
		{822DFCC3-213B-497F-AF6E-5A0432F192EA}.Release|Any CPU.Build.0 = Release|Any CPU
		{4A977EB3-DBC7-4DD4-A68F-364AC0F465E2}.Debug|Any CPU.ActiveCfg = Debug|Any CPU
		{4A977EB3-DBC7-4DD4-A68F-364AC0F465E2}.Debug|Any CPU.Build.0 = Debug|Any CPU
		{4A977EB3-DBC7-4DD4-A68F-364AC0F465E2}.Release|Any CPU.ActiveCfg = Release|Any CPU
		{4A977EB3-DBC7-4DD4-A68F-364AC0F465E2}.Release|Any CPU.Build.0 = Release|Any CPU
		{61C3FB70-39BC-4747-963F-A844AF69154A}.Debug|Any CPU.ActiveCfg = Debug|Any CPU
		{61C3FB70-39BC-4747-963F-A844AF69154A}.Debug|Any CPU.Build.0 = Debug|Any CPU
		{61C3FB70-39BC-4747-963F-A844AF69154A}.Release|Any CPU.ActiveCfg = Release|Any CPU
		{61C3FB70-39BC-4747-963F-A844AF69154A}.Release|Any CPU.Build.0 = Release|Any CPU
		{54093759-2F35-499D-AA9C-B8DC68E7A5A5}.Debug|Any CPU.ActiveCfg = Debug|Any CPU
		{54093759-2F35-499D-AA9C-B8DC68E7A5A5}.Debug|Any CPU.Build.0 = Debug|Any CPU
		{54093759-2F35-499D-AA9C-B8DC68E7A5A5}.Release|Any CPU.ActiveCfg = Release|Any CPU
		{54093759-2F35-499D-AA9C-B8DC68E7A5A5}.Release|Any CPU.Build.0 = Release|Any CPU
	EndGlobalSection
	GlobalSection(SolutionProperties) = preSolution
		HideSolutionNode = FALSE
	EndGlobalSection
	GlobalSection(NestedProjects) = preSolution
		{C1023EFA-5B13-4301-8E98-895C51E2E983} = {6E1E5AA9-90BB-4BF8-8409-EF05548A6B67}
		{88D28EA0-EB38-4979-ADF3-22E4E337C5EC} = {4ABDD6AA-7067-4285-B355-D4823EEA585F}
		{16212245-B327-43A0-B6CC-5F1B14ACEFF8} = {88D28EA0-EB38-4979-ADF3-22E4E337C5EC}
		{7E35C2D3-79A8-4D17-87F0-CF29383092A7} = {6E1E5AA9-90BB-4BF8-8409-EF05548A6B67}
		{A9317275-4551-43B2-8C78-275A11ACB3F5} = {4ABDD6AA-7067-4285-B355-D4823EEA585F}
		{946C6F63-5661-4DFE-A0A6-DB8EF0D5923C} = {A9317275-4551-43B2-8C78-275A11ACB3F5}
		{5AA53834-3D71-4099-BEFE-C577AD8F3793} = {A9317275-4551-43B2-8C78-275A11ACB3F5}
		{822DFCC3-213B-497F-AF6E-5A0432F192EA} = {27747579-AA9C-4C2A-9631-35D9293D8AF0}
		{4A977EB3-DBC7-4DD4-A68F-364AC0F465E2} = {27747579-AA9C-4C2A-9631-35D9293D8AF0}
		{61C3FB70-39BC-4747-963F-A844AF69154A} = {F1559848-07E5-4473-93B4-E1071C0189DA}
		{54093759-2F35-499D-AA9C-B8DC68E7A5A5} = {F1559848-07E5-4473-93B4-E1071C0189DA}
	EndGlobalSection
	GlobalSection(ExtensibilityGlobals) = postSolution
		SolutionGuid = {6CA58675-6D02-43AD-B523-C32A7F3049DB}
	EndGlobalSection
EndGlobal
